
Microsoft Visual Studio Solution File, Format Version 12.00
# Visual Studio Version 16
VisualStudioVersion = 16.0.31205.134
MinimumVisualStudioVersion = 10.0.40219.1
Project("{9A19103F-16F7-4668-BE54-9A1E7A4F7556}") = "CourseReviewApp.Web", "CourseReviewApp.Web\CourseReviewApp.Web.csproj", "{8B50C35F-E23F-4D99-A429-F85BCCD138F5}"
EndProject
Project("{9A19103F-16F7-4668-BE54-9A1E7A4F7556}") = "CourseReviewApp.Services", "CourseReviewApp.Services\CourseReviewApp.Services.csproj", "{1B7B6185-DE5B-4156-92FB-668531A27E2F}"
EndProject
Project("{9A19103F-16F7-4668-BE54-9A1E7A4F7556}") = "CourseReviewApp.Model", "CourseReviewApp.Model\CourseReviewApp.Model.csproj", "{FB9D8706-FA26-4A52-9CAB-1DFB42DC8B53}"
EndProject
Project("{9A19103F-16F7-4668-BE54-9A1E7A4F7556}") = "CourseReviewApp.DAL", "CourseReviewApp.DAL\CourseReviewApp.DAL.csproj", "{30089498-5BFA-4957-AE81-4D6AA715F30A}"
EndProject
Global
	GlobalSection(SolutionConfigurationPlatforms) = preSolution
		Debug|Any CPU = Debug|Any CPU
		Release|Any CPU = Release|Any CPU
	EndGlobalSection
	GlobalSection(ProjectConfigurationPlatforms) = postSolution
		{8B50C35F-E23F-4D99-A429-F85BCCD138F5}.Debug|Any CPU.ActiveCfg = Debug|Any CPU
		{8B50C35F-E23F-4D99-A429-F85BCCD138F5}.Debug|Any CPU.Build.0 = Debug|Any CPU
		{8B50C35F-E23F-4D99-A429-F85BCCD138F5}.Release|Any CPU.ActiveCfg = Release|Any CPU
		{8B50C35F-E23F-4D99-A429-F85BCCD138F5}.Release|Any CPU.Build.0 = Release|Any CPU
		{1B7B6185-DE5B-4156-92FB-668531A27E2F}.Debug|Any CPU.ActiveCfg = Debug|Any CPU
		{1B7B6185-DE5B-4156-92FB-668531A27E2F}.Debug|Any CPU.Build.0 = Debug|Any CPU
		{1B7B6185-DE5B-4156-92FB-668531A27E2F}.Release|Any CPU.ActiveCfg = Release|Any CPU
		{1B7B6185-DE5B-4156-92FB-668531A27E2F}.Release|Any CPU.Build.0 = Release|Any CPU
		{FB9D8706-FA26-4A52-9CAB-1DFB42DC8B53}.Debug|Any CPU.ActiveCfg = Debug|Any CPU
		{FB9D8706-FA26-4A52-9CAB-1DFB42DC8B53}.Debug|Any CPU.Build.0 = Debug|Any CPU
		{FB9D8706-FA26-4A52-9CAB-1DFB42DC8B53}.Release|Any CPU.ActiveCfg = Release|Any CPU
		{FB9D8706-FA26-4A52-9CAB-1DFB42DC8B53}.Release|Any CPU.Build.0 = Release|Any CPU
		{30089498-5BFA-4957-AE81-4D6AA715F30A}.Debug|Any CPU.ActiveCfg = Debug|Any CPU
		{30089498-5BFA-4957-AE81-4D6AA715F30A}.Debug|Any CPU.Build.0 = Debug|Any CPU
		{30089498-5BFA-4957-AE81-4D6AA715F30A}.Release|Any CPU.ActiveCfg = Release|Any CPU
		{30089498-5BFA-4957-AE81-4D6AA715F30A}.Release|Any CPU.Build.0 = Release|Any CPU
	EndGlobalSection
	GlobalSection(SolutionProperties) = preSolution
		HideSolutionNode = FALSE
	EndGlobalSection
	GlobalSection(ExtensibilityGlobals) = postSolution
		SolutionGuid = {BC264B34-AF59-45A3-83BB-A1739AC306B9}
	EndGlobalSection
EndGlobal
